{
  "name": "async-locks",
  "version": "0.1.0",
  "lockfileVersion": 3,
  "requires": true,
  "packages": {
    "": {
      "name": "async-locks",
      "version": "0.1.0",
      "license": "MIT",
      "devDependencies": {
        "naughty-util": "^0.6.3"
      }
    },
    "node_modules/naughty-util": {
      "version": "0.6.3",
      "resolved": "https://registry.npmjs.org/naughty-util/-/naughty-util-0.6.3.tgz",
      "integrity": "sha512-/1HC+wRtmMLwhWGXYUiGfsPHHxtY3+IaGG3dezoYpUZ01CCP+cKYIL66il6yRzp2dF5AxaEDd06EkZY9Hecf+Q==",
      "dev": true,
      "license": "MIT",
      "engines": {
        "node": ">=18"
      }
    }
  }
}
